<Solution>
  <Folder Name="/Core/">
    <Project Path="src/Api/Api.csproj" />
    <Project Path="src/Application/Application.csproj"/>
    <Project Path="src/Core/Core.csproj"  />
    <Project Path="src/Generators/Generators.csproj"/>
    <Project Path="src/Infrastructure/Infrastructure.csproj" />
    <Project Path="src/Persistence/Persistence.csproj"/>
  </Folder>
  <Folder Name="/docs/" />
</Solution>